
Microsoft Visual Studio Solution File, Format Version 12.00
# Visual Studio 15
VisualStudioVersion = 15.0.27130.2036
MinimumVisualStudioVersion = 10.0.40219.1
Project("{9A19103F-16F7-4668-BE54-9A1E7A4F7556}") = "TimeClassLibrary", "TimeClassLibrary\TimeClassLibrary.csproj", "{E4CDA85C-DF51-40BD-AC2F-F01E65900222}"
EndProject
Project("{FAE04EC0-301F-11D3-BF4B-00C04F79EFBC}") = "TimeApp", "TimeApp\TimeApp.csproj", "{55AD0943-6B10-443B-834D-54991DF7C98F}"
EndProject
Global
	GlobalSection(SolutionConfigurationPlatforms) = preSolution
		Debug|Any CPU = Debug|Any CPU
		Release|Any CPU = Release|Any CPU
	EndGlobalSection
	GlobalSection(ProjectConfigurationPlatforms) = postSolution
		{E4CDA85C-DF51-40BD-AC2F-F01E65900222}.Debug|Any CPU.ActiveCfg = Debug|Any CPU
		{E4CDA85C-DF51-40BD-AC2F-F01E65900222}.Debug|Any CPU.Build.0 = Debug|Any CPU
		{E4CDA85C-DF51-40BD-AC2F-F01E65900222}.Release|Any CPU.ActiveCfg = Release|Any CPU
		{E4CDA85C-DF51-40BD-AC2F-F01E65900222}.Release|Any CPU.Build.0 = Release|Any CPU
		{55AD0943-6B10-443B-834D-54991DF7C98F}.Debug|Any CPU.ActiveCfg = Debug|Any CPU
		{55AD0943-6B10-443B-834D-54991DF7C98F}.Debug|Any CPU.Build.0 = Debug|Any CPU
		{55AD0943-6B10-443B-834D-54991DF7C98F}.Release|Any CPU.ActiveCfg = Release|Any CPU
		{55AD0943-6B10-443B-834D-54991DF7C98F}.Release|Any CPU.Build.0 = Release|Any CPU
	EndGlobalSection
	GlobalSection(SolutionProperties) = preSolution
		HideSolutionNode = FALSE
	EndGlobalSection
	GlobalSection(ExtensibilityGlobals) = postSolution
		SolutionGuid = {E1CC036F-A45B-4A27-A103-F9E419D42974}
	EndGlobalSection
EndGlobal
